
Microsoft Visual Studio Solution File, Format Version 12.00
# Visual Studio Version 17
VisualStudioVersion = 17.7.33711.374
MinimumVisualStudioVersion = 10.0.40219.1
Project("{9A19103F-16F7-4668-BE54-9A1E7A4F7556}") = "MelakifyMind", "MelakifyMind\MelakifyMind.csproj", "{5CF23E00-59D9-4C09-88AE-E984B060FA1A}"
EndProject
Project("{9A19103F-16F7-4668-BE54-9A1E7A4F7556}") = "MelakifyVision", "MelakifyVision\MelakifyVision.csproj", "{A398A51D-2C6B-4508-B8B3-C6B1C63F591C}"
EndProject
Global
	GlobalSection(SolutionConfigurationPlatforms) = preSolution
		Debug|Any CPU = Debug|Any CPU
		Release|Any CPU = Release|Any CPU
	EndGlobalSection
	GlobalSection(ProjectConfigurationPlatforms) = postSolution
		{5CF23E00-59D9-4C09-88AE-E984B060FA1A}.Debug|Any CPU.ActiveCfg = Debug|Any CPU
		{5CF23E00-59D9-4C09-88AE-E984B060FA1A}.Debug|Any CPU.Build.0 = Debug|Any CPU
		{5CF23E00-59D9-4C09-88AE-E984B060FA1A}.Release|Any CPU.ActiveCfg = Release|Any CPU
		{5CF23E00-59D9-4C09-88AE-E984B060FA1A}.Release|Any CPU.Build.0 = Release|Any CPU
		{A398A51D-2C6B-4508-B8B3-C6B1C63F591C}.Debug|Any CPU.ActiveCfg = Debug|Any CPU
		{A398A51D-2C6B-4508-B8B3-C6B1C63F591C}.Debug|Any CPU.Build.0 = Debug|Any CPU
		{A398A51D-2C6B-4508-B8B3-C6B1C63F591C}.Release|Any CPU.ActiveCfg = Release|Any CPU
		{A398A51D-2C6B-4508-B8B3-C6B1C63F591C}.Release|Any CPU.Build.0 = Release|Any CPU
	EndGlobalSection
	GlobalSection(SolutionProperties) = preSolution
		HideSolutionNode = FALSE
	EndGlobalSection
	GlobalSection(ExtensibilityGlobals) = postSolution
		SolutionGuid = {B2940FA9-4CF4-48E5-BEFB-8F24D6FA82EC}
	EndGlobalSection
EndGlobal
